
Microsoft Visual Studio Solution File, Format Version 12.00
# Visual Studio Version 17
VisualStudioVersion = 17.14.36401.2 d17.14
MinimumVisualStudioVersion = 10.0.40219.1
Project("{FAE04EC0-301F-11D3-BF4B-00C04F79EFBC}") = "ProjectManagementAPI", "ProjectManagementAPI\ProjectManagementAPI.csproj", "{1D8BE689-7645-4534-A5F8-A2C79F8B0CE4}"
EndProject
Global
	GlobalSection(SolutionConfigurationPlatforms) = preSolution
		Debug|Any CPU = Debug|Any CPU
		Release|Any CPU = Release|Any CPU
	EndGlobalSection
	GlobalSection(ProjectConfigurationPlatforms) = postSolution
		{1D8BE689-7645-4534-A5F8-A2C79F8B0CE4}.Debug|Any CPU.ActiveCfg = Debug|Any CPU
		{1D8BE689-7645-4534-A5F8-A2C79F8B0CE4}.Debug|Any CPU.Build.0 = Debug|Any CPU
		{1D8BE689-7645-4534-A5F8-A2C79F8B0CE4}.Release|Any CPU.ActiveCfg = Release|Any CPU
		{1D8BE689-7645-4534-A5F8-A2C79F8B0CE4}.Release|Any CPU.Build.0 = Release|Any CPU
	EndGlobalSection
	GlobalSection(SolutionProperties) = preSolution
		HideSolutionNode = FALSE
	EndGlobalSection
	GlobalSection(ExtensibilityGlobals) = postSolution
		SolutionGuid = {8352380D-D0D8-4660-B980-5D6E08D666D9}
	EndGlobalSection
EndGlobal
